
Microsoft Visual Studio Solution File, Format Version 12.00
# Visual Studio 15
VisualStudioVersion = 15.0.27130.2024
MinimumVisualStudioVersion = 10.0.40219.1
Project("{9A19103F-16F7-4668-BE54-9A1E7A4F7556}") = "ConventionMapper", "ConventionMapper\ConventionMapper.csproj", "{B0349B2D-02E4-4B91-8136-107975E9051D}"
EndProject
Project("{FAE04EC0-301F-11D3-BF4B-00C04F79EFBC}") = "ConventionMapper.Generator", "ConventionMapper.Generator\ConventionMapper.Generator.csproj", "{F711DB51-9050-459B-8014-30170CD4DE8D}"
EndProject
Project("{FAE04EC0-301F-11D3-BF4B-00C04F79EFBC}") = "ConventionMapper.Test", "ConventionMapper.Test\ConventionMapper.Test.csproj", "{7A6797AE-DAE3-4DD4-97F7-83FCBF21BD02}"
EndProject
Global
	GlobalSection(SolutionConfigurationPlatforms) = preSolution
		Debug|Any CPU = Debug|Any CPU
		Release|Any CPU = Release|Any CPU
	EndGlobalSection
	GlobalSection(ProjectConfigurationPlatforms) = postSolution
		{B0349B2D-02E4-4B91-8136-107975E9051D}.Debug|Any CPU.ActiveCfg = Debug|Any CPU
		{B0349B2D-02E4-4B91-8136-107975E9051D}.Debug|Any CPU.Build.0 = Debug|Any CPU
		{B0349B2D-02E4-4B91-8136-107975E9051D}.Release|Any CPU.ActiveCfg = Release|Any CPU
		{B0349B2D-02E4-4B91-8136-107975E9051D}.Release|Any CPU.Build.0 = Release|Any CPU
		{F711DB51-9050-459B-8014-30170CD4DE8D}.Debug|Any CPU.ActiveCfg = Debug|Any CPU
		{F711DB51-9050-459B-8014-30170CD4DE8D}.Debug|Any CPU.Build.0 = Debug|Any CPU
		{F711DB51-9050-459B-8014-30170CD4DE8D}.Release|Any CPU.ActiveCfg = Release|Any CPU
		{F711DB51-9050-459B-8014-30170CD4DE8D}.Release|Any CPU.Build.0 = Release|Any CPU
		{7A6797AE-DAE3-4DD4-97F7-83FCBF21BD02}.Debug|Any CPU.ActiveCfg = Debug|Any CPU
		{7A6797AE-DAE3-4DD4-97F7-83FCBF21BD02}.Debug|Any CPU.Build.0 = Debug|Any CPU
		{7A6797AE-DAE3-4DD4-97F7-83FCBF21BD02}.Release|Any CPU.ActiveCfg = Release|Any CPU
		{7A6797AE-DAE3-4DD4-97F7-83FCBF21BD02}.Release|Any CPU.Build.0 = Release|Any CPU
	EndGlobalSection
	GlobalSection(SolutionProperties) = preSolution
		HideSolutionNode = FALSE
	EndGlobalSection
	GlobalSection(ExtensibilityGlobals) = postSolution
		SolutionGuid = {EF44AF9B-10AB-4A1B-9446-CCC108438F3D}
	EndGlobalSection
EndGlobal
